{
  "name": "singhrajkrplaywrightpoc",
  "version": "1.0.0",
  "lockfileVersion": 2,
  "requires": true,
  "packages": {
    "": {
      "name": "singhrajkrplaywrightpoc",
      "version": "1.0.0",
      "license": "ISC",
      "devDependencies": {
        "@playwright/test": "^1.22.0",
        "@types/node": "^17.0.33",
        "allure-commandline": "^2.17.2",
        "allure-playwright": "^2.0.0-beta.16",
        "dotenv": "^16.0.1"
      }
    },
    "node_modules/@playwright/test": {
      "version": "1.22.0",
      "resolved": "https://registry.npmjs.org/@playwright/test/-/test-1.22.0.tgz",
      "integrity": "sha512-ExcAjiECo3uTG5Sl5H4a7rKp/5TEHTI87dv9NHYEoUFuOHPhSVxB7QsuM70ktO+wTTZ9KzhwzcegxAGRmUFKEA==",
      "dev": true,
      "dependencies": {
        "playwright-core": "1.22.0"
      },
      "bin": {
        "playwright": "cli.js"
      },
      "engines": {
        "node": ">=14"
      }
    },
    "node_modules/@types/node": {
      "version": "17.0.33",
      "resolved": "https://registry.npmjs.org/@types/node/-/node-17.0.33.tgz",
      "integrity": "sha512-miWq2m2FiQZmaHfdZNcbpp9PuXg34W5JZ5CrJ/BaS70VuhoJENBEQybeiYSaPBRNq6KQGnjfEnc/F3PN++D+XQ==",
      "dev": true
    },
    "node_modules/allure-commandline": {
      "version": "2.17.2",
      "resolved": "https://registry.npmjs.org/allure-commandline/-/allure-commandline-2.17.2.tgz",
      "integrity": "sha512-2a0M0nX1KtVrg4y0rWEFn/OQkv7AaQSMBOEtlKfQl3heZoTEo0IdB08Uk5vU390+qPsEv3EO5igjyCrS0gX+FQ==",
      "dev": true,
      "bin": {
        "allure": "bin/allure"
      }
    },
    "node_modules/allure-js-commons": {
      "version": "2.0.0-beta.16",
      "resolved": "https://registry.npmjs.org/allure-js-commons/-/allure-js-commons-2.0.0-beta.16.tgz",
      "integrity": "sha512-biAFm8FugPMA0THZpsWLdi+F8n1BeUTYkkpmQ4ZqUAKeg2xcw5arM0Qa4rq6Qs0HPLbdVS9Jj8fb7e/ahCr/Ig==",
      "dev": true,
      "dependencies": {
        "mkdirp": "^1.0.4",
        "properties": "^1.2.1",
        "uuid": "^8.3.0"
      }
    },
    "node_modules/allure-playwright": {
      "version": "2.0.0-beta.16",
      "resolved": "https://registry.npmjs.org/allure-playwright/-/allure-playwright-2.0.0-beta.16.tgz",
      "integrity": "sha512-0Nj2BLIIRFUCZn7CGSXYa7d1M+phmSzUwMD3fbHVxO+q10vNrY8Hf5IT2ITwWMtUHaTAE6uH58GPsa6DB9N3Xw==",
      "dev": true,
      "dependencies": {
        "allure-js-commons": "2.0.0-beta.16"
      }
    },
    "node_modules/dotenv": {
      "version": "16.0.1",
      "resolved": "https://registry.npmjs.org/dotenv/-/dotenv-16.0.1.tgz",
      "integrity": "sha512-1K6hR6wtk2FviQ4kEiSjFiH5rpzEVi8WW0x96aztHVMhEspNpc4DVOUTEHtEva5VThQ8IaBX1Pe4gSzpVVUsKQ==",
      "dev": true,
      "engines": {
        "node": ">=12"
      }
    },
    "node_modules/mkdirp": {
      "version": "1.0.4",
      "resolved": "https://registry.npmjs.org/mkdirp/-/mkdirp-1.0.4.tgz",
      "integrity": "sha512-vVqVZQyf3WLx2Shd0qJ9xuvqgAyKPLAiqITEtqW0oIUjzo3PePDd6fW9iFz30ef7Ysp/oiWqbhszeGWW2T6Gzw==",
      "dev": true,
      "bin": {
        "mkdirp": "bin/cmd.js"
      },
      "engines": {
        "node": ">=10"
      }
    },
    "node_modules/playwright-core": {
      "version": "1.22.0",
      "resolved": "https://registry.npmjs.org/playwright-core/-/playwright-core-1.22.0.tgz",
      "integrity": "sha512-XnDPiV4NCzTtXWxQdyJ6Wg8xhST3ciUjt5mITaxoqOoYggmRtofKm0PXLehfbetXh2ppPYj5U8UhtUpdIE4wag==",
      "dev": true,
      "bin": {
        "playwright": "cli.js"
      },
      "engines": {
        "node": ">=14"
      }
    },
    "node_modules/properties": {
      "version": "1.2.1",
      "resolved": "https://registry.npmjs.org/properties/-/properties-1.2.1.tgz",
      "integrity": "sha1-Dul6f8AgsaKlW4ZZ7aSqjYaQlL0=",
      "dev": true,
      "engines": {
        "node": ">=0.10"
      }
    },
    "node_modules/uuid": {
      "version": "8.3.2",
      "resolved": "https://registry.npmjs.org/uuid/-/uuid-8.3.2.tgz",
      "integrity": "sha512-+NYs2QeMWy+GWFOEm9xnn6HCDp0l7QBD7ml8zLUmJ+93Q5NF0NocErnwkTkXVFNiX3/fpC6afS8Dhb/gz7R7eg==",
      "dev": true,
      "bin": {
        "uuid": "dist/bin/uuid"
      }
    }
  },
  "dependencies": {
    "@playwright/test": {
      "version": "1.22.0",
      "resolved": "https://registry.npmjs.org/@playwright/test/-/test-1.22.0.tgz",
      "integrity": "sha512-ExcAjiECo3uTG5Sl5H4a7rKp/5TEHTI87dv9NHYEoUFuOHPhSVxB7QsuM70ktO+wTTZ9KzhwzcegxAGRmUFKEA==",
      "dev": true,
      "requires": {
        "playwright-core": "1.22.0"
      }
    },
    "@types/node": {
      "version": "17.0.33",
      "resolved": "https://registry.npmjs.org/@types/node/-/node-17.0.33.tgz",
      "integrity": "sha512-miWq2m2FiQZmaHfdZNcbpp9PuXg34W5JZ5CrJ/BaS70VuhoJENBEQybeiYSaPBRNq6KQGnjfEnc/F3PN++D+XQ==",
      "dev": true
    },
    "allure-commandline": {
      "version": "2.17.2",
      "resolved": "https://registry.npmjs.org/allure-commandline/-/allure-commandline-2.17.2.tgz",
      "integrity": "sha512-2a0M0nX1KtVrg4y0rWEFn/OQkv7AaQSMBOEtlKfQl3heZoTEo0IdB08Uk5vU390+qPsEv3EO5igjyCrS0gX+FQ==",
      "dev": true
    },
    "allure-js-commons": {
      "version": "2.0.0-beta.16",
      "resolved": "https://registry.npmjs.org/allure-js-commons/-/allure-js-commons-2.0.0-beta.16.tgz",
      "integrity": "sha512-biAFm8FugPMA0THZpsWLdi+F8n1BeUTYkkpmQ4ZqUAKeg2xcw5arM0Qa4rq6Qs0HPLbdVS9Jj8fb7e/ahCr/Ig==",
      "dev": true,
      "requires": {
        "mkdirp": "^1.0.4",
        "properties": "^1.2.1",
        "uuid": "^8.3.0"
      }
    },
    "allure-playwright": {
      "version": "2.0.0-beta.16",
      "resolved": "https://registry.npmjs.org/allure-playwright/-/allure-playwright-2.0.0-beta.16.tgz",
      "integrity": "sha512-0Nj2BLIIRFUCZn7CGSXYa7d1M+phmSzUwMD3fbHVxO+q10vNrY8Hf5IT2ITwWMtUHaTAE6uH58GPsa6DB9N3Xw==",
      "dev": true,
      "requires": {
        "allure-js-commons": "2.0.0-beta.16"
      }
    },
    "dotenv": {
      "version": "16.0.1",
      "resolved": "https://registry.npmjs.org/dotenv/-/dotenv-16.0.1.tgz",
      "integrity": "sha512-1K6hR6wtk2FviQ4kEiSjFiH5rpzEVi8WW0x96aztHVMhEspNpc4DVOUTEHtEva5VThQ8IaBX1Pe4gSzpVVUsKQ==",
      "dev": true
    },
    "mkdirp": {
      "version": "1.0.4",
      "resolved": "https://registry.npmjs.org/mkdirp/-/mkdirp-1.0.4.tgz",
      "integrity": "sha512-vVqVZQyf3WLx2Shd0qJ9xuvqgAyKPLAiqITEtqW0oIUjzo3PePDd6fW9iFz30ef7Ysp/oiWqbhszeGWW2T6Gzw==",
      "dev": true
    },
    "playwright-core": {
      "version": "1.22.0",
      "resolved": "https://registry.npmjs.org/playwright-core/-/playwright-core-1.22.0.tgz",
      "integrity": "sha512-XnDPiV4NCzTtXWxQdyJ6Wg8xhST3ciUjt5mITaxoqOoYggmRtofKm0PXLehfbetXh2ppPYj5U8UhtUpdIE4wag==",
      "dev": true
    },
    "properties": {
      "version": "1.2.1",
      "resolved": "https://registry.npmjs.org/properties/-/properties-1.2.1.tgz",
      "integrity": "sha1-Dul6f8AgsaKlW4ZZ7aSqjYaQlL0=",
      "dev": true
    },
    "uuid": {
      "version": "8.3.2",
      "resolved": "https://registry.npmjs.org/uuid/-/uuid-8.3.2.tgz",
      "integrity": "sha512-+NYs2QeMWy+GWFOEm9xnn6HCDp0l7QBD7ml8zLUmJ+93Q5NF0NocErnwkTkXVFNiX3/fpC6afS8Dhb/gz7R7eg==",
      "dev": true
    }
  }
}
